
Microsoft Visual Studio Solution File, Format Version 12.00
# Visual Studio Version 16
VisualStudioVersion = 16.0.30907.101
MinimumVisualStudioVersion = 15.0.26124.0
Project("{2150E333-8FDC-42A3-9474-1A3956D46DE8}") = "CSharp2.0", "CSharp2.0", "{BAD7FEC3-1C4C-416F-A4AA-B1EA9EF338C6}"
EndProject
Project("{2150E333-8FDC-42A3-9474-1A3956D46DE8}") = "01 分部类与分部方法", "01 分部类与分部方法", "{19314ABE-311F-48B6-B88D-10574EF8968C}"
EndProject
Project("{9A19103F-16F7-4668-BE54-9A1E7A4F7556}") = "Chris.CSharp.NewFeature.Partial", "Chris.CSharp.NewFeature.Partial\Chris.CSharp.NewFeature.Partial.csproj", "{4D737A6C-A1C1-4D6C-A4E7-B50EAD159333}"
EndProject
Project("{2150E333-8FDC-42A3-9474-1A3956D46DE8}") = "02 泛型", "02 泛型", "{E273CAF1-181D-4ADC-968A-8FE7C7112FA6}"
EndProject
Project("{9A19103F-16F7-4668-BE54-9A1E7A4F7556}") = "Chris.CSharp.NewFeature.Generic", "Chris.CSharp.NewFeature.Generic\Chris.CSharp.NewFeature.Generic.csproj", "{A1404A7C-8BEC-4840-AF07-EBCB1CAB4361}"
EndProject
Project("{2150E333-8FDC-42A3-9474-1A3956D46DE8}") = "CSharp9.0", "CSharp9.0", "{F61259F0-B9D2-42AB-A420-F82C4464EE72}"
EndProject
Project("{2150E333-8FDC-42A3-9474-1A3956D46DE8}") = "01 记录类型", "01 记录类型", "{5A3C41D7-149D-4020-A7ED-FAE1F0D04ABE}"
EndProject
Project("{9A19103F-16F7-4668-BE54-9A1E7A4F7556}") = "Chris.CSharp.NewFeature.Record", "Chris.CSharp.NewFeature.Record\Chris.CSharp.NewFeature.Record.csproj", "{D0F53593-CD6A-47F1-8644-89BCE94067FF}"
EndProject
Project("{2150E333-8FDC-42A3-9474-1A3956D46DE8}") = "02 仅限 Init 的资源库", "02 仅限 Init 的资源库", "{617D9CDE-CB2A-4FE5-AFF7-EF1C22DB42C9}"
EndProject
Project("{FAE04EC0-301F-11D3-BF4B-00C04F79EFBC}") = "Chris.CSharp.NewFeature.Init", "Chris.CSharp.NewFeature.Init\Chris.CSharp.NewFeature.Init.csproj", "{E5A6B10B-438D-488A-BCFD-C6D07583C05E}"
EndProject
Project("{2150E333-8FDC-42A3-9474-1A3956D46DE8}") = "03 顶级语句", "03 顶级语句", "{5B09C807-5427-4A5E-91F8-3E4CFE51234F}"
EndProject
Project("{FAE04EC0-301F-11D3-BF4B-00C04F79EFBC}") = "Chris.CSharp.NewFeature.TopLevelStatements", "Chris.CSharp.NewFeature.TopLevelStatements\Chris.CSharp.NewFeature.TopLevelStatements.csproj", "{BA20C980-430D-4B2C-A9E4-0E3A79D5D88E}"
EndProject
Project("{2150E333-8FDC-42A3-9474-1A3956D46DE8}") = "04 模式匹配增强", "04 模式匹配增强", "{9D061E7C-C2F8-4C07-9BFF-180D744D5873}"
EndProject
Project("{FAE04EC0-301F-11D3-BF4B-00C04F79EFBC}") = "Chris.CSharp.NewFeature.PatternMatch", "Chris.CSharp.NewFeature.PatternMatch\Chris.CSharp.NewFeature.PatternMatch.csproj", "{509D32F8-A4E3-4269-942A-E111FF2084BF}"
EndProject
Global
	GlobalSection(SolutionConfigurationPlatforms) = preSolution
		Debug|Any CPU = Debug|Any CPU
		Debug|x64 = Debug|x64
		Debug|x86 = Debug|x86
		Release|Any CPU = Release|Any CPU
		Release|x64 = Release|x64
		Release|x86 = Release|x86
	EndGlobalSection
	GlobalSection(ProjectConfigurationPlatforms) = postSolution
		{4D737A6C-A1C1-4D6C-A4E7-B50EAD159333}.Debug|Any CPU.ActiveCfg = Debug|Any CPU
		{4D737A6C-A1C1-4D6C-A4E7-B50EAD159333}.Debug|Any CPU.Build.0 = Debug|Any CPU
		{4D737A6C-A1C1-4D6C-A4E7-B50EAD159333}.Debug|x64.ActiveCfg = Debug|Any CPU
		{4D737A6C-A1C1-4D6C-A4E7-B50EAD159333}.Debug|x64.Build.0 = Debug|Any CPU
		{4D737A6C-A1C1-4D6C-A4E7-B50EAD159333}.Debug|x86.ActiveCfg = Debug|Any CPU
		{4D737A6C-A1C1-4D6C-A4E7-B50EAD159333}.Debug|x86.Build.0 = Debug|Any CPU
		{4D737A6C-A1C1-4D6C-A4E7-B50EAD159333}.Release|Any CPU.ActiveCfg = Release|Any CPU
		{4D737A6C-A1C1-4D6C-A4E7-B50EAD159333}.Release|Any CPU.Build.0 = Release|Any CPU
		{4D737A6C-A1C1-4D6C-A4E7-B50EAD159333}.Release|x64.ActiveCfg = Release|Any CPU
		{4D737A6C-A1C1-4D6C-A4E7-B50EAD159333}.Release|x64.Build.0 = Release|Any CPU
		{4D737A6C-A1C1-4D6C-A4E7-B50EAD159333}.Release|x86.ActiveCfg = Release|Any CPU
		{4D737A6C-A1C1-4D6C-A4E7-B50EAD159333}.Release|x86.Build.0 = Release|Any CPU
		{A1404A7C-8BEC-4840-AF07-EBCB1CAB4361}.Debug|Any CPU.ActiveCfg = Debug|Any CPU
		{A1404A7C-8BEC-4840-AF07-EBCB1CAB4361}.Debug|Any CPU.Build.0 = Debug|Any CPU
		{A1404A7C-8BEC-4840-AF07-EBCB1CAB4361}.Debug|x64.ActiveCfg = Debug|Any CPU
		{A1404A7C-8BEC-4840-AF07-EBCB1CAB4361}.Debug|x64.Build.0 = Debug|Any CPU
		{A1404A7C-8BEC-4840-AF07-EBCB1CAB4361}.Debug|x86.ActiveCfg = Debug|Any CPU
		{A1404A7C-8BEC-4840-AF07-EBCB1CAB4361}.Debug|x86.Build.0 = Debug|Any CPU
		{A1404A7C-8BEC-4840-AF07-EBCB1CAB4361}.Release|Any CPU.ActiveCfg = Release|Any CPU
		{A1404A7C-8BEC-4840-AF07-EBCB1CAB4361}.Release|Any CPU.Build.0 = Release|Any CPU
		{A1404A7C-8BEC-4840-AF07-EBCB1CAB4361}.Release|x64.ActiveCfg = Release|Any CPU
		{A1404A7C-8BEC-4840-AF07-EBCB1CAB4361}.Release|x64.Build.0 = Release|Any CPU
		{A1404A7C-8BEC-4840-AF07-EBCB1CAB4361}.Release|x86.ActiveCfg = Release|Any CPU
		{A1404A7C-8BEC-4840-AF07-EBCB1CAB4361}.Release|x86.Build.0 = Release|Any CPU
		{D0F53593-CD6A-47F1-8644-89BCE94067FF}.Debug|Any CPU.ActiveCfg = Debug|Any CPU
		{D0F53593-CD6A-47F1-8644-89BCE94067FF}.Debug|Any CPU.Build.0 = Debug|Any CPU
		{D0F53593-CD6A-47F1-8644-89BCE94067FF}.Debug|x64.ActiveCfg = Debug|Any CPU
		{D0F53593-CD6A-47F1-8644-89BCE94067FF}.Debug|x64.Build.0 = Debug|Any CPU
		{D0F53593-CD6A-47F1-8644-89BCE94067FF}.Debug|x86.ActiveCfg = Debug|Any CPU
		{D0F53593-CD6A-47F1-8644-89BCE94067FF}.Debug|x86.Build.0 = Debug|Any CPU
		{D0F53593-CD6A-47F1-8644-89BCE94067FF}.Release|Any CPU.ActiveCfg = Release|Any CPU
		{D0F53593-CD6A-47F1-8644-89BCE94067FF}.Release|Any CPU.Build.0 = Release|Any CPU
		{D0F53593-CD6A-47F1-8644-89BCE94067FF}.Release|x64.ActiveCfg = Release|Any CPU
		{D0F53593-CD6A-47F1-8644-89BCE94067FF}.Release|x64.Build.0 = Release|Any CPU
		{D0F53593-CD6A-47F1-8644-89BCE94067FF}.Release|x86.ActiveCfg = Release|Any CPU
		{D0F53593-CD6A-47F1-8644-89BCE94067FF}.Release|x86.Build.0 = Release|Any CPU
		{E5A6B10B-438D-488A-BCFD-C6D07583C05E}.Debug|Any CPU.ActiveCfg = Debug|Any CPU
		{E5A6B10B-438D-488A-BCFD-C6D07583C05E}.Debug|Any CPU.Build.0 = Debug|Any CPU
		{E5A6B10B-438D-488A-BCFD-C6D07583C05E}.Debug|x64.ActiveCfg = Debug|Any CPU
		{E5A6B10B-438D-488A-BCFD-C6D07583C05E}.Debug|x64.Build.0 = Debug|Any CPU
		{E5A6B10B-438D-488A-BCFD-C6D07583C05E}.Debug|x86.ActiveCfg = Debug|Any CPU
		{E5A6B10B-438D-488A-BCFD-C6D07583C05E}.Debug|x86.Build.0 = Debug|Any CPU
		{E5A6B10B-438D-488A-BCFD-C6D07583C05E}.Release|Any CPU.ActiveCfg = Release|Any CPU
		{E5A6B10B-438D-488A-BCFD-C6D07583C05E}.Release|Any CPU.Build.0 = Release|Any CPU
		{E5A6B10B-438D-488A-BCFD-C6D07583C05E}.Release|x64.ActiveCfg = Release|Any CPU
		{E5A6B10B-438D-488A-BCFD-C6D07583C05E}.Release|x64.Build.0 = Release|Any CPU
		{E5A6B10B-438D-488A-BCFD-C6D07583C05E}.Release|x86.ActiveCfg = Release|Any CPU
		{E5A6B10B-438D-488A-BCFD-C6D07583C05E}.Release|x86.Build.0 = Release|Any CPU
		{BA20C980-430D-4B2C-A9E4-0E3A79D5D88E}.Debug|Any CPU.ActiveCfg = Debug|Any CPU
		{BA20C980-430D-4B2C-A9E4-0E3A79D5D88E}.Debug|Any CPU.Build.0 = Debug|Any CPU
		{BA20C980-430D-4B2C-A9E4-0E3A79D5D88E}.Debug|x64.ActiveCfg = Debug|Any CPU
		{BA20C980-430D-4B2C-A9E4-0E3A79D5D88E}.Debug|x64.Build.0 = Debug|Any CPU
		{BA20C980-430D-4B2C-A9E4-0E3A79D5D88E}.Debug|x86.ActiveCfg = Debug|Any CPU
		{BA20C980-430D-4B2C-A9E4-0E3A79D5D88E}.Debug|x86.Build.0 = Debug|Any CPU
		{BA20C980-430D-4B2C-A9E4-0E3A79D5D88E}.Release|Any CPU.ActiveCfg = Release|Any CPU
		{BA20C980-430D-4B2C-A9E4-0E3A79D5D88E}.Release|Any CPU.Build.0 = Release|Any CPU
		{BA20C980-430D-4B2C-A9E4-0E3A79D5D88E}.Release|x64.ActiveCfg = Release|Any CPU
		{BA20C980-430D-4B2C-A9E4-0E3A79D5D88E}.Release|x64.Build.0 = Release|Any CPU
		{BA20C980-430D-4B2C-A9E4-0E3A79D5D88E}.Release|x86.ActiveCfg = Release|Any CPU
		{BA20C980-430D-4B2C-A9E4-0E3A79D5D88E}.Release|x86.Build.0 = Release|Any CPU
		{509D32F8-A4E3-4269-942A-E111FF2084BF}.Debug|Any CPU.ActiveCfg = Debug|Any CPU
		{509D32F8-A4E3-4269-942A-E111FF2084BF}.Debug|Any CPU.Build.0 = Debug|Any CPU
		{509D32F8-A4E3-4269-942A-E111FF2084BF}.Debug|x64.ActiveCfg = Debug|Any CPU
		{509D32F8-A4E3-4269-942A-E111FF2084BF}.Debug|x64.Build.0 = Debug|Any CPU
		{509D32F8-A4E3-4269-942A-E111FF2084BF}.Debug|x86.ActiveCfg = Debug|Any CPU
		{509D32F8-A4E3-4269-942A-E111FF2084BF}.Debug|x86.Build.0 = Debug|Any CPU
		{509D32F8-A4E3-4269-942A-E111FF2084BF}.Release|Any CPU.ActiveCfg = Release|Any CPU
		{509D32F8-A4E3-4269-942A-E111FF2084BF}.Release|Any CPU.Build.0 = Release|Any CPU
		{509D32F8-A4E3-4269-942A-E111FF2084BF}.Release|x64.ActiveCfg = Release|Any CPU
		{509D32F8-A4E3-4269-942A-E111FF2084BF}.Release|x64.Build.0 = Release|Any CPU
		{509D32F8-A4E3-4269-942A-E111FF2084BF}.Release|x86.ActiveCfg = Release|Any CPU
		{509D32F8-A4E3-4269-942A-E111FF2084BF}.Release|x86.Build.0 = Release|Any CPU
	EndGlobalSection
	GlobalSection(SolutionProperties) = preSolution
		HideSolutionNode = FALSE
	EndGlobalSection
	GlobalSection(NestedProjects) = preSolution
		{19314ABE-311F-48B6-B88D-10574EF8968C} = {BAD7FEC3-1C4C-416F-A4AA-B1EA9EF338C6}
		{4D737A6C-A1C1-4D6C-A4E7-B50EAD159333} = {19314ABE-311F-48B6-B88D-10574EF8968C}
		{E273CAF1-181D-4ADC-968A-8FE7C7112FA6} = {BAD7FEC3-1C4C-416F-A4AA-B1EA9EF338C6}
		{A1404A7C-8BEC-4840-AF07-EBCB1CAB4361} = {E273CAF1-181D-4ADC-968A-8FE7C7112FA6}
		{5A3C41D7-149D-4020-A7ED-FAE1F0D04ABE} = {F61259F0-B9D2-42AB-A420-F82C4464EE72}
		{D0F53593-CD6A-47F1-8644-89BCE94067FF} = {5A3C41D7-149D-4020-A7ED-FAE1F0D04ABE}
		{617D9CDE-CB2A-4FE5-AFF7-EF1C22DB42C9} = {F61259F0-B9D2-42AB-A420-F82C4464EE72}
		{E5A6B10B-438D-488A-BCFD-C6D07583C05E} = {617D9CDE-CB2A-4FE5-AFF7-EF1C22DB42C9}
		{5B09C807-5427-4A5E-91F8-3E4CFE51234F} = {F61259F0-B9D2-42AB-A420-F82C4464EE72}
		{BA20C980-430D-4B2C-A9E4-0E3A79D5D88E} = {5B09C807-5427-4A5E-91F8-3E4CFE51234F}
		{9D061E7C-C2F8-4C07-9BFF-180D744D5873} = {F61259F0-B9D2-42AB-A420-F82C4464EE72}
		{509D32F8-A4E3-4269-942A-E111FF2084BF} = {9D061E7C-C2F8-4C07-9BFF-180D744D5873}
	EndGlobalSection
	GlobalSection(ExtensibilityGlobals) = postSolution
		SolutionGuid = {DD7B074D-7A9F-4CDD-A80E-4FA2843072E7}
	EndGlobalSection
EndGlobal
